
Microsoft Visual Studio Solution File, Format Version 11.00
# Visual Studio 2010
Project("{FAE04EC0-301F-11D3-BF4B-00C04F79EFBC}") = "pscorlib-net_4_0", "pscorlib-net_4_0.csproj", "{EDBACFCB-2817-4A2E-8DDF-B24AEFA56352}"
EndProject
Global
	GlobalSection(SolutionConfigurationPlatforms) = preSolution
		Debug|Any CPU = Debug|Any CPU
		Release|Any CPU = Release|Any CPU
	EndGlobalSection
	GlobalSection(ProjectConfigurationPlatforms) = postSolution
		{EDBACFCB-2817-4A2E-8DDF-B24AEFA56352}.Debug|Any CPU.ActiveCfg = Debug|Any CPU
		{EDBACFCB-2817-4A2E-8DDF-B24AEFA56352}.Debug|Any CPU.Build.0 = Debug|Any CPU
		{EDBACFCB-2817-4A2E-8DDF-B24AEFA56352}.Release|Any CPU.ActiveCfg = Release|Any CPU
		{EDBACFCB-2817-4A2E-8DDF-B24AEFA56352}.Release|Any CPU.Build.0 = Release|Any CPU
	EndGlobalSection
	GlobalSection(MonoDevelopProperties) = preSolution
		StartupItem = pscorlib-net_4_0.csproj
	EndGlobalSection
EndGlobal
