
Microsoft Visual Studio Solution File, Format Version 12.00
# Visual Studio 2012
Project("{FAE04EC0-301F-11D3-BF4B-00C04F79EFBC}") = "PlayShell", "PlayShell.csproj", "{0831DD4E-B428-4D6C-90B1-2206DBD4F92F}"
EndProject
Project("{FAE04EC0-301F-11D3-BF4B-00C04F79EFBC}") = "Mono.PlayScript", "..\..\class\Mono.PlayScript\Mono.PlayScript.csproj", "{D9F458AE-7290-4246-8E89-967D41C838CF}"
EndProject
Global
	GlobalSection(SolutionConfigurationPlatforms) = preSolution
		Debug|Any CPU = Debug|Any CPU
		Release|Any CPU = Release|Any CPU
	EndGlobalSection
	GlobalSection(ProjectConfigurationPlatforms) = postSolution
		{0831DD4E-B428-4D6C-90B1-2206DBD4F92F}.Debug|Any CPU.ActiveCfg = Debug|Any CPU
		{0831DD4E-B428-4D6C-90B1-2206DBD4F92F}.Debug|Any CPU.Build.0 = Debug|Any CPU
		{0831DD4E-B428-4D6C-90B1-2206DBD4F92F}.Release|Any CPU.ActiveCfg = Debug|Any CPU
		{0831DD4E-B428-4D6C-90B1-2206DBD4F92F}.Release|Any CPU.Build.0 = Debug|Any CPU
		{D9F458AE-7290-4246-8E89-967D41C838CF}.Debug|Any CPU.ActiveCfg = Debug|Any CPU
		{D9F458AE-7290-4246-8E89-967D41C838CF}.Debug|Any CPU.Build.0 = Debug|Any CPU
		{D9F458AE-7290-4246-8E89-967D41C838CF}.Release|Any CPU.ActiveCfg = Release|Any CPU
		{D9F458AE-7290-4246-8E89-967D41C838CF}.Release|Any CPU.Build.0 = Release|Any CPU
	EndGlobalSection
	GlobalSection(MonoDevelopProperties) = preSolution
		Policies = $0
		$0.TextStylePolicy = $1
		$1.TabsToSpaces = False
		$1.inheritsSet = VisualStudio
		$1.inheritsScope = text/plain
		$1.scope = text/x-csharp
		$0.CSharpFormattingPolicy = $2
		$2.inheritsSet = Mono
		$2.inheritsScope = text/x-csharp
		$2.scope = text/x-csharp
		version = 1.0
	EndGlobalSection
	GlobalSection(SolutionProperties) = preSolution
		HideSolutionNode = FALSE
	EndGlobalSection
EndGlobal
