
Microsoft Visual Studio Solution File, Format Version 11.00
# Visual Studio 2010
Project("{FAE04EC0-301F-11D3-BF4B-00C04F79EFBC}") = "tests", "tests.csproj", "{A8F4E8CE-134E-42BB-8053-A950EF421501}"
EndProject
Project("{FAE04EC0-301F-11D3-BF4B-00C04F79EFBC}") = "PlayScript.Dynamic_aot-net_4_0", "..\class\PlayScript.Dynamic_aot\PlayScript.Dynamic_aot-net_4_0.csproj", "{0BACBE20-34DD-4E24-8B91-87970E8A23B9}"
EndProject
Project("{FAE04EC0-301F-11D3-BF4B-00C04F79EFBC}") = "pscorlib_aot-net_4_0_monomac", "..\class\pscorlib_aot\pscorlib_aot-net_4_0_monomac.csproj", "{EDBAC91B-2817-479E-8DDF-B24ADDA563A6}"
EndProject
Project("{FAE04EC0-301F-11D3-BF4B-00C04F79EFBC}") = "testrunner", "testrunner\testrunner.csproj", "{74DC6737-177B-41D4-9023-77AB54056E8B}"
EndProject
Global
	GlobalSection(SolutionConfigurationPlatforms) = preSolution
		Debug|x86 = Debug|x86
		Release|x86 = Release|x86
	EndGlobalSection
	GlobalSection(ProjectConfigurationPlatforms) = postSolution
		{0BACBE20-34DD-4E24-8B91-87970E8A23B9}.Debug|x86.ActiveCfg = Debug|Any CPU
		{0BACBE20-34DD-4E24-8B91-87970E8A23B9}.Debug|x86.Build.0 = Debug|Any CPU
		{0BACBE20-34DD-4E24-8B91-87970E8A23B9}.Release|x86.ActiveCfg = Release|Any CPU
		{0BACBE20-34DD-4E24-8B91-87970E8A23B9}.Release|x86.Build.0 = Release|Any CPU
		{74DC6737-177B-41D4-9023-77AB54056E8B}.Debug|x86.ActiveCfg = Debug|x86
		{74DC6737-177B-41D4-9023-77AB54056E8B}.Debug|x86.Build.0 = Debug|x86
		{74DC6737-177B-41D4-9023-77AB54056E8B}.Release|x86.ActiveCfg = Release|x86
		{74DC6737-177B-41D4-9023-77AB54056E8B}.Release|x86.Build.0 = Release|x86
		{A8F4E8CE-134E-42BB-8053-A950EF421501}.Debug|x86.ActiveCfg = Debug|x86
		{A8F4E8CE-134E-42BB-8053-A950EF421501}.Debug|x86.Build.0 = Debug|x86
		{A8F4E8CE-134E-42BB-8053-A950EF421501}.Release|x86.ActiveCfg = Release|x86
		{A8F4E8CE-134E-42BB-8053-A950EF421501}.Release|x86.Build.0 = Release|x86
		{EDBAC91B-2817-479E-8DDF-B24ADDA563A6}.Debug|x86.ActiveCfg = Debug|Any CPU
		{EDBAC91B-2817-479E-8DDF-B24ADDA563A6}.Debug|x86.Build.0 = Debug|Any CPU
		{EDBAC91B-2817-479E-8DDF-B24ADDA563A6}.Release|x86.ActiveCfg = Release|Any CPU
		{EDBAC91B-2817-479E-8DDF-B24ADDA563A6}.Release|x86.Build.0 = Release|Any CPU
	EndGlobalSection
	GlobalSection(MonoDevelopProperties) = preSolution
		StartupItem = tests.csproj
	EndGlobalSection
EndGlobal
